
Microsoft Visual Studio Solution File, Format Version 12.00
# Visual Studio Version 17
VisualStudioVersion = 17.8.34219.65
MinimumVisualStudioVersion = 10.0.40219.1
Project("{8BC9CEB8-8B4A-11D0-8D11-00A0C91BC942}") = "ConsoleApplication1d", "ConsoleApplication1d\ConsoleApplication1d.vcxproj", "{C74196F2-F220-40BA-AB67-945BB0BF3E9B}"
EndProject
Global
	GlobalSection(SolutionConfigurationPlatforms) = preSolution
		Debug|x64 = Debug|x64
		Debug|x86 = Debug|x86
		Release|x64 = Release|x64
		Release|x86 = Release|x86
	EndGlobalSection
	GlobalSection(ProjectConfigurationPlatforms) = postSolution
		{C74196F2-F220-40BA-AB67-945BB0BF3E9B}.Debug|x64.ActiveCfg = Debug|x64
		{C74196F2-F220-40BA-AB67-945BB0BF3E9B}.Debug|x64.Build.0 = Debug|x64
		{C74196F2-F220-40BA-AB67-945BB0BF3E9B}.Debug|x86.ActiveCfg = Debug|Win32
		{C74196F2-F220-40BA-AB67-945BB0BF3E9B}.Debug|x86.Build.0 = Debug|Win32
		{C74196F2-F220-40BA-AB67-945BB0BF3E9B}.Release|x64.ActiveCfg = Release|x64
		{C74196F2-F220-40BA-AB67-945BB0BF3E9B}.Release|x64.Build.0 = Release|x64
		{C74196F2-F220-40BA-AB67-945BB0BF3E9B}.Release|x86.ActiveCfg = Release|Win32
		{C74196F2-F220-40BA-AB67-945BB0BF3E9B}.Release|x86.Build.0 = Release|Win32
	EndGlobalSection
	GlobalSection(SolutionProperties) = preSolution
		HideSolutionNode = FALSE
	EndGlobalSection
	GlobalSection(ExtensibilityGlobals) = postSolution
		SolutionGuid = {80BF4EC3-091C-44B9-9502-EB934B100ED5}
	EndGlobalSection
EndGlobal
